
Microsoft Visual Studio Solution File, Format Version 12.00
# Visual Studio Version 16
VisualStudioVersion = 16.0.32929.386
MinimumVisualStudioVersion = 10.0.40219.1
Project("{FAE04EC0-301F-11D3-BF4B-00C04F79EFBC}") = "Capa Logica Negocios (BLL)", "BLL\Capa Logica Negocios (BLL).csproj", "{9E9659D6-F6E0-425F-ABE0-842C3028FCF4}"
EndProject
Project("{FAE04EC0-301F-11D3-BF4B-00C04F79EFBC}") = "Capa Acceso Datos (DAL)", "DAL\Capa Acceso Datos (DAL).csproj", "{75AD325C-C7FC-4063-BB1D-F171674A8C1D}"
EndProject
Project("{FAE04EC0-301F-11D3-BF4B-00C04F79EFBC}") = "Capa Presentacion (PL)", "PL\Capa Presentacion (PL).csproj", "{F1CD3550-53F3-4094-B915-5B89B38C4824}"
EndProject
Project("{FAE04EC0-301F-11D3-BF4B-00C04F79EFBC}") = "Capa Soporte", "Capa Soporte\Capa Soporte.csproj", "{743A5826-2000-4D35-BF5C-BC3010A9C0D8}"
EndProject
Global
	GlobalSection(SolutionConfigurationPlatforms) = preSolution
		Debug|Any CPU = Debug|Any CPU
		Release|Any CPU = Release|Any CPU
	EndGlobalSection
	GlobalSection(ProjectConfigurationPlatforms) = postSolution
		{9E9659D6-F6E0-425F-ABE0-842C3028FCF4}.Debug|Any CPU.ActiveCfg = Debug|Any CPU
		{9E9659D6-F6E0-425F-ABE0-842C3028FCF4}.Debug|Any CPU.Build.0 = Debug|Any CPU
		{9E9659D6-F6E0-425F-ABE0-842C3028FCF4}.Release|Any CPU.ActiveCfg = Release|Any CPU
		{9E9659D6-F6E0-425F-ABE0-842C3028FCF4}.Release|Any CPU.Build.0 = Release|Any CPU
		{75AD325C-C7FC-4063-BB1D-F171674A8C1D}.Debug|Any CPU.ActiveCfg = Debug|Any CPU
		{75AD325C-C7FC-4063-BB1D-F171674A8C1D}.Debug|Any CPU.Build.0 = Debug|Any CPU
		{75AD325C-C7FC-4063-BB1D-F171674A8C1D}.Release|Any CPU.ActiveCfg = Release|Any CPU
		{75AD325C-C7FC-4063-BB1D-F171674A8C1D}.Release|Any CPU.Build.0 = Release|Any CPU
		{F1CD3550-53F3-4094-B915-5B89B38C4824}.Debug|Any CPU.ActiveCfg = Debug|Any CPU
		{F1CD3550-53F3-4094-B915-5B89B38C4824}.Debug|Any CPU.Build.0 = Debug|Any CPU
		{F1CD3550-53F3-4094-B915-5B89B38C4824}.Release|Any CPU.ActiveCfg = Release|Any CPU
		{F1CD3550-53F3-4094-B915-5B89B38C4824}.Release|Any CPU.Build.0 = Release|Any CPU
		{743A5826-2000-4D35-BF5C-BC3010A9C0D8}.Debug|Any CPU.ActiveCfg = Debug|Any CPU
		{743A5826-2000-4D35-BF5C-BC3010A9C0D8}.Debug|Any CPU.Build.0 = Debug|Any CPU
		{743A5826-2000-4D35-BF5C-BC3010A9C0D8}.Release|Any CPU.ActiveCfg = Release|Any CPU
		{743A5826-2000-4D35-BF5C-BC3010A9C0D8}.Release|Any CPU.Build.0 = Release|Any CPU
	EndGlobalSection
	GlobalSection(SolutionProperties) = preSolution
		HideSolutionNode = FALSE
	EndGlobalSection
	GlobalSection(ExtensibilityGlobals) = postSolution
		SolutionGuid = {3951D095-9A68-45E5-8745-CE75A4352F1E}
	EndGlobalSection
EndGlobal
